
Microsoft Visual Studio Solution File, Format Version 12.00
# Visual Studio Version 16
VisualStudioVersion = 16.0.29409.12
MinimumVisualStudioVersion = 10.0.40219.1
Project("{FAE04EC0-301F-11D3-BF4B-00C04F79EFBC}") = "Text file Compression", "Text file Compression.csproj", "{97717ED7-4067-4FD8-8044-7F3F06B13A59}"
EndProject
Global
	GlobalSection(SolutionConfigurationPlatforms) = preSolution
		Debug|Any CPU = Debug|Any CPU
		Release|Any CPU = Release|Any CPU
	EndGlobalSection
	GlobalSection(ProjectConfigurationPlatforms) = postSolution
		{97717ED7-4067-4FD8-8044-7F3F06B13A59}.Debug|Any CPU.ActiveCfg = Debug|Any CPU
		{97717ED7-4067-4FD8-8044-7F3F06B13A59}.Debug|Any CPU.Build.0 = Debug|Any CPU
		{97717ED7-4067-4FD8-8044-7F3F06B13A59}.Release|Any CPU.ActiveCfg = Release|Any CPU
		{97717ED7-4067-4FD8-8044-7F3F06B13A59}.Release|Any CPU.Build.0 = Release|Any CPU
	EndGlobalSection
	GlobalSection(SolutionProperties) = preSolution
		HideSolutionNode = FALSE
	EndGlobalSection
	GlobalSection(ExtensibilityGlobals) = postSolution
		SolutionGuid = {5BEDF8B2-156E-4250-BFA7-CA877BD60A38}
	EndGlobalSection
EndGlobal
