
Microsoft Visual Studio Solution File, Format Version 12.00
# Visual Studio 15
VisualStudioVersion = 15.0.28307.572
MinimumVisualStudioVersion = 10.0.40219.1
Project("{FAE04EC0-301F-11D3-BF4B-00C04F79EFBC}") = "GUI_AOA", "GUI_AOA\GUI_AOA.csproj", "{2F9437CB-F66C-4BA8-BCF0-5B8E1A97CB34}"
EndProject
Global
	GlobalSection(SolutionConfigurationPlatforms) = preSolution
		Debug|Any CPU = Debug|Any CPU
		Release|Any CPU = Release|Any CPU
	EndGlobalSection
	GlobalSection(ProjectConfigurationPlatforms) = postSolution
		{2F9437CB-F66C-4BA8-BCF0-5B8E1A97CB34}.Debug|Any CPU.ActiveCfg = Debug|Any CPU
		{2F9437CB-F66C-4BA8-BCF0-5B8E1A97CB34}.Debug|Any CPU.Build.0 = Debug|Any CPU
		{2F9437CB-F66C-4BA8-BCF0-5B8E1A97CB34}.Release|Any CPU.ActiveCfg = Release|Any CPU
		{2F9437CB-F66C-4BA8-BCF0-5B8E1A97CB34}.Release|Any CPU.Build.0 = Release|Any CPU
	EndGlobalSection
	GlobalSection(SolutionProperties) = preSolution
		HideSolutionNode = FALSE
	EndGlobalSection
	GlobalSection(ExtensibilityGlobals) = postSolution
		SolutionGuid = {7E9F36DB-6C7C-4B93-A481-69B5796F6F0F}
	EndGlobalSection
EndGlobal
