
Microsoft Visual Studio Solution File, Format Version 12.00
# Visual Studio Version 16
VisualStudioVersion = 16.0.29409.12
MinimumVisualStudioVersion = 10.0.40219.1
Project("{FAE04EC0-301F-11D3-BF4B-00C04F79EFBC}") = "IntegratedGUIandCode", "IntegratedGUIandCode.csproj", "{5AF0EA07-3D3F-48A3-A83E-416D17DAF71A}"
EndProject
Global
	GlobalSection(SolutionConfigurationPlatforms) = preSolution
		Debug|Any CPU = Debug|Any CPU
		Release|Any CPU = Release|Any CPU
	EndGlobalSection
	GlobalSection(ProjectConfigurationPlatforms) = postSolution
		{5AF0EA07-3D3F-48A3-A83E-416D17DAF71A}.Debug|Any CPU.ActiveCfg = Debug|Any CPU
		{5AF0EA07-3D3F-48A3-A83E-416D17DAF71A}.Debug|Any CPU.Build.0 = Debug|Any CPU
		{5AF0EA07-3D3F-48A3-A83E-416D17DAF71A}.Release|Any CPU.ActiveCfg = Release|Any CPU
		{5AF0EA07-3D3F-48A3-A83E-416D17DAF71A}.Release|Any CPU.Build.0 = Release|Any CPU
	EndGlobalSection
	GlobalSection(SolutionProperties) = preSolution
		HideSolutionNode = FALSE
	EndGlobalSection
	GlobalSection(ExtensibilityGlobals) = postSolution
		SolutionGuid = {22A8E1AB-1293-4D1E-8786-BE202DAFA2BC}
	EndGlobalSection
EndGlobal
